
Microsoft Visual Studio Solution File, Format Version 12.00
# Visual Studio 15
VisualStudioVersion = 15.0.26430.16
MinimumVisualStudioVersion = 10.0.40219.1
Project("{FAE04EC0-301F-11D3-BF4B-00C04F79EFBC}") = "testNotification.Android", "testNotification\testNotification.Android\testNotification.Android.csproj", "{52BF5C36-7320-477B-9B75-20F344548CDB}"
EndProject
Project("{FAE04EC0-301F-11D3-BF4B-00C04F79EFBC}") = "testNotification", "testNotification\testNotification\testNotification.csproj", "{059C75A9-5567-4A59-9DE2-D22C01D73BC5}"
EndProject
Project("{FAE04EC0-301F-11D3-BF4B-00C04F79EFBC}") = "testNotification.iOS", "testNotification\testNotification.iOS\testNotification.iOS.csproj", "{C61CB9B5-6B6F-463E-8A7E-4E85BADCCA21}"
EndProject
Global
	GlobalSection(SolutionConfigurationPlatforms) = preSolution
		Ad-Hoc|Any CPU = Ad-Hoc|Any CPU
		Ad-Hoc|iPhone = Ad-Hoc|iPhone
		Ad-Hoc|iPhoneSimulator = Ad-Hoc|iPhoneSimulator
		AppStore|Any CPU = AppStore|Any CPU
		AppStore|iPhone = AppStore|iPhone
		AppStore|iPhoneSimulator = AppStore|iPhoneSimulator
		Debug|Any CPU = Debug|Any CPU
		Debug|iPhone = Debug|iPhone
		Debug|iPhoneSimulator = Debug|iPhoneSimulator
		Release|Any CPU = Release|Any CPU
		Release|iPhone = Release|iPhone
		Release|iPhoneSimulator = Release|iPhoneSimulator
	EndGlobalSection
	GlobalSection(ProjectConfigurationPlatforms) = postSolution
		{52BF5C36-7320-477B-9B75-20F344548CDB}.Ad-Hoc|Any CPU.ActiveCfg = Release|Any CPU
		{52BF5C36-7320-477B-9B75-20F344548CDB}.Ad-Hoc|Any CPU.Build.0 = Release|Any CPU
		{52BF5C36-7320-477B-9B75-20F344548CDB}.Ad-Hoc|Any CPU.Deploy.0 = Release|Any CPU
		{52BF5C36-7320-477B-9B75-20F344548CDB}.Ad-Hoc|iPhone.ActiveCfg = Release|Any CPU
		{52BF5C36-7320-477B-9B75-20F344548CDB}.Ad-Hoc|iPhone.Build.0 = Release|Any CPU
		{52BF5C36-7320-477B-9B75-20F344548CDB}.Ad-Hoc|iPhone.Deploy.0 = Release|Any CPU
		{52BF5C36-7320-477B-9B75-20F344548CDB}.Ad-Hoc|iPhoneSimulator.ActiveCfg = Release|Any CPU
		{52BF5C36-7320-477B-9B75-20F344548CDB}.Ad-Hoc|iPhoneSimulator.Build.0 = Release|Any CPU
		{52BF5C36-7320-477B-9B75-20F344548CDB}.Ad-Hoc|iPhoneSimulator.Deploy.0 = Release|Any CPU
		{52BF5C36-7320-477B-9B75-20F344548CDB}.AppStore|Any CPU.ActiveCfg = Release|Any CPU
		{52BF5C36-7320-477B-9B75-20F344548CDB}.AppStore|Any CPU.Build.0 = Release|Any CPU
		{52BF5C36-7320-477B-9B75-20F344548CDB}.AppStore|Any CPU.Deploy.0 = Release|Any CPU
		{52BF5C36-7320-477B-9B75-20F344548CDB}.AppStore|iPhone.ActiveCfg = Release|Any CPU
		{52BF5C36-7320-477B-9B75-20F344548CDB}.AppStore|iPhone.Build.0 = Release|Any CPU
		{52BF5C36-7320-477B-9B75-20F344548CDB}.AppStore|iPhone.Deploy.0 = Release|Any CPU
		{52BF5C36-7320-477B-9B75-20F344548CDB}.AppStore|iPhoneSimulator.ActiveCfg = Release|Any CPU
		{52BF5C36-7320-477B-9B75-20F344548CDB}.AppStore|iPhoneSimulator.Build.0 = Release|Any CPU
		{52BF5C36-7320-477B-9B75-20F344548CDB}.AppStore|iPhoneSimulator.Deploy.0 = Release|Any CPU
		{52BF5C36-7320-477B-9B75-20F344548CDB}.Debug|Any CPU.ActiveCfg = Debug|Any CPU
		{52BF5C36-7320-477B-9B75-20F344548CDB}.Debug|Any CPU.Build.0 = Debug|Any CPU
		{52BF5C36-7320-477B-9B75-20F344548CDB}.Debug|Any CPU.Deploy.0 = Debug|Any CPU
		{52BF5C36-7320-477B-9B75-20F344548CDB}.Debug|iPhone.ActiveCfg = Debug|Any CPU
		{52BF5C36-7320-477B-9B75-20F344548CDB}.Debug|iPhone.Build.0 = Debug|Any CPU
		{52BF5C36-7320-477B-9B75-20F344548CDB}.Debug|iPhone.Deploy.0 = Debug|Any CPU
		{52BF5C36-7320-477B-9B75-20F344548CDB}.Debug|iPhoneSimulator.ActiveCfg = Debug|Any CPU
		{52BF5C36-7320-477B-9B75-20F344548CDB}.Debug|iPhoneSimulator.Build.0 = Debug|Any CPU
		{52BF5C36-7320-477B-9B75-20F344548CDB}.Debug|iPhoneSimulator.Deploy.0 = Debug|Any CPU
		{52BF5C36-7320-477B-9B75-20F344548CDB}.Release|Any CPU.ActiveCfg = Release|Any CPU
		{52BF5C36-7320-477B-9B75-20F344548CDB}.Release|Any CPU.Build.0 = Release|Any CPU
		{52BF5C36-7320-477B-9B75-20F344548CDB}.Release|Any CPU.Deploy.0 = Release|Any CPU
		{52BF5C36-7320-477B-9B75-20F344548CDB}.Release|iPhone.ActiveCfg = Release|Any CPU
		{52BF5C36-7320-477B-9B75-20F344548CDB}.Release|iPhone.Build.0 = Release|Any CPU
		{52BF5C36-7320-477B-9B75-20F344548CDB}.Release|iPhone.Deploy.0 = Release|Any CPU
		{52BF5C36-7320-477B-9B75-20F344548CDB}.Release|iPhoneSimulator.ActiveCfg = Release|Any CPU
		{52BF5C36-7320-477B-9B75-20F344548CDB}.Release|iPhoneSimulator.Build.0 = Release|Any CPU
		{52BF5C36-7320-477B-9B75-20F344548CDB}.Release|iPhoneSimulator.Deploy.0 = Release|Any CPU
		{059C75A9-5567-4A59-9DE2-D22C01D73BC5}.Ad-Hoc|Any CPU.ActiveCfg = Release|Any CPU
		{059C75A9-5567-4A59-9DE2-D22C01D73BC5}.Ad-Hoc|Any CPU.Build.0 = Release|Any CPU
		{059C75A9-5567-4A59-9DE2-D22C01D73BC5}.Ad-Hoc|iPhone.ActiveCfg = Release|Any CPU
		{059C75A9-5567-4A59-9DE2-D22C01D73BC5}.Ad-Hoc|iPhone.Build.0 = Release|Any CPU
		{059C75A9-5567-4A59-9DE2-D22C01D73BC5}.Ad-Hoc|iPhoneSimulator.ActiveCfg = Release|Any CPU
		{059C75A9-5567-4A59-9DE2-D22C01D73BC5}.Ad-Hoc|iPhoneSimulator.Build.0 = Release|Any CPU
		{059C75A9-5567-4A59-9DE2-D22C01D73BC5}.AppStore|Any CPU.ActiveCfg = Release|Any CPU
		{059C75A9-5567-4A59-9DE2-D22C01D73BC5}.AppStore|Any CPU.Build.0 = Release|Any CPU
		{059C75A9-5567-4A59-9DE2-D22C01D73BC5}.AppStore|iPhone.ActiveCfg = Release|Any CPU
		{059C75A9-5567-4A59-9DE2-D22C01D73BC5}.AppStore|iPhone.Build.0 = Release|Any CPU
		{059C75A9-5567-4A59-9DE2-D22C01D73BC5}.AppStore|iPhoneSimulator.ActiveCfg = Release|Any CPU
		{059C75A9-5567-4A59-9DE2-D22C01D73BC5}.AppStore|iPhoneSimulator.Build.0 = Release|Any CPU
		{059C75A9-5567-4A59-9DE2-D22C01D73BC5}.Debug|Any CPU.ActiveCfg = Debug|Any CPU
		{059C75A9-5567-4A59-9DE2-D22C01D73BC5}.Debug|Any CPU.Build.0 = Debug|Any CPU
		{059C75A9-5567-4A59-9DE2-D22C01D73BC5}.Debug|iPhone.ActiveCfg = Debug|Any CPU
		{059C75A9-5567-4A59-9DE2-D22C01D73BC5}.Debug|iPhone.Build.0 = Debug|Any CPU
		{059C75A9-5567-4A59-9DE2-D22C01D73BC5}.Debug|iPhoneSimulator.ActiveCfg = Debug|Any CPU
		{059C75A9-5567-4A59-9DE2-D22C01D73BC5}.Debug|iPhoneSimulator.Build.0 = Debug|Any CPU
		{059C75A9-5567-4A59-9DE2-D22C01D73BC5}.Release|Any CPU.ActiveCfg = Release|Any CPU
		{059C75A9-5567-4A59-9DE2-D22C01D73BC5}.Release|Any CPU.Build.0 = Release|Any CPU
		{059C75A9-5567-4A59-9DE2-D22C01D73BC5}.Release|iPhone.ActiveCfg = Release|Any CPU
		{059C75A9-5567-4A59-9DE2-D22C01D73BC5}.Release|iPhone.Build.0 = Release|Any CPU
		{059C75A9-5567-4A59-9DE2-D22C01D73BC5}.Release|iPhoneSimulator.ActiveCfg = Release|Any CPU
		{059C75A9-5567-4A59-9DE2-D22C01D73BC5}.Release|iPhoneSimulator.Build.0 = Release|Any CPU
		{C61CB9B5-6B6F-463E-8A7E-4E85BADCCA21}.Ad-Hoc|Any CPU.ActiveCfg = Ad-Hoc|iPhone
		{C61CB9B5-6B6F-463E-8A7E-4E85BADCCA21}.Ad-Hoc|iPhone.ActiveCfg = Ad-Hoc|iPhone
		{C61CB9B5-6B6F-463E-8A7E-4E85BADCCA21}.Ad-Hoc|iPhone.Build.0 = Ad-Hoc|iPhone
		{C61CB9B5-6B6F-463E-8A7E-4E85BADCCA21}.Ad-Hoc|iPhoneSimulator.ActiveCfg = Ad-Hoc|iPhoneSimulator
		{C61CB9B5-6B6F-463E-8A7E-4E85BADCCA21}.Ad-Hoc|iPhoneSimulator.Build.0 = Ad-Hoc|iPhoneSimulator
		{C61CB9B5-6B6F-463E-8A7E-4E85BADCCA21}.AppStore|Any CPU.ActiveCfg = AppStore|iPhone
		{C61CB9B5-6B6F-463E-8A7E-4E85BADCCA21}.AppStore|iPhone.ActiveCfg = AppStore|iPhone
		{C61CB9B5-6B6F-463E-8A7E-4E85BADCCA21}.AppStore|iPhone.Build.0 = AppStore|iPhone
		{C61CB9B5-6B6F-463E-8A7E-4E85BADCCA21}.AppStore|iPhoneSimulator.ActiveCfg = AppStore|iPhoneSimulator
		{C61CB9B5-6B6F-463E-8A7E-4E85BADCCA21}.AppStore|iPhoneSimulator.Build.0 = AppStore|iPhoneSimulator
		{C61CB9B5-6B6F-463E-8A7E-4E85BADCCA21}.Debug|Any CPU.ActiveCfg = Debug|iPhone
		{C61CB9B5-6B6F-463E-8A7E-4E85BADCCA21}.Debug|iPhone.ActiveCfg = Debug|iPhone
		{C61CB9B5-6B6F-463E-8A7E-4E85BADCCA21}.Debug|iPhone.Build.0 = Debug|iPhone
		{C61CB9B5-6B6F-463E-8A7E-4E85BADCCA21}.Debug|iPhoneSimulator.ActiveCfg = Debug|iPhoneSimulator
		{C61CB9B5-6B6F-463E-8A7E-4E85BADCCA21}.Debug|iPhoneSimulator.Build.0 = Debug|iPhoneSimulator
		{C61CB9B5-6B6F-463E-8A7E-4E85BADCCA21}.Release|Any CPU.ActiveCfg = Release|iPhone
		{C61CB9B5-6B6F-463E-8A7E-4E85BADCCA21}.Release|iPhone.ActiveCfg = Release|iPhone
		{C61CB9B5-6B6F-463E-8A7E-4E85BADCCA21}.Release|iPhone.Build.0 = Release|iPhone
		{C61CB9B5-6B6F-463E-8A7E-4E85BADCCA21}.Release|iPhoneSimulator.ActiveCfg = Release|iPhoneSimulator
		{C61CB9B5-6B6F-463E-8A7E-4E85BADCCA21}.Release|iPhoneSimulator.Build.0 = Release|iPhoneSimulator
	EndGlobalSection
	GlobalSection(SolutionProperties) = preSolution
		HideSolutionNode = FALSE
	EndGlobalSection
EndGlobal
